// !$*UTF8*$!
{
	archiveVersion = 1;
	classes = {
	};
	objectVersion = 56;
	objects = {

/* Begin PBXBuildFile section */
		651153BE2A4C3B00004CA243 /* OnboardingView.swift in Sources */ = {isa = PBXBuildFile; fileRef = 651153BD2A4C3B00004CA243 /* OnboardingView.swift */; };
		65221EA62A42F007001BAFC8 /* DreamifyApp.swift in Sources */ = {isa = PBXBuildFile; fileRef = 65221EA52A42F007001BAFC8 /* DreamifyApp.swift */; };
		65221EAA2A42F008001BAFC8 /* Assets.xcassets in Resources */ = {isa = PBXBuildFile; fileRef = 65221EA92A42F008001BAFC8 /* Assets.xcassets */; };
		65221EAD2A42F008001BAFC8 /* Preview Assets.xcassets in Resources */ = {isa = PBXBuildFile; fileRef = 65221EAC2A42F008001BAFC8 /* Preview Assets.xcassets */; };
		DA3404792A4ADD2400C2A12B /* DetailView.swift in Sources */ = {isa = PBXBuildFile; fileRef = DA3404782A4ADD2400C2A12B /* DetailView.swift */; };
		DA34047B2A4AE22A00C2A12B /* OnboardingView1.swift in Sources */ = {isa = PBXBuildFile; fileRef = DA34047A2A4AE22A00C2A12B /* OnboardingView1.swift */; };
		DA34047D2A4AE25100C2A12B /* OnboardingView2.swift in Sources */ = {isa = PBXBuildFile; fileRef = DA34047C2A4AE25100C2A12B /* OnboardingView2.swift */; };
		DA34047F2A4AE27500C2A12B /* OnboardingView3.swift in Sources */ = {isa = PBXBuildFile; fileRef = DA34047E2A4AE27500C2A12B /* OnboardingView3.swift */; };
		DA3404812A4AE2BE00C2A12B /* CircleView.swift in Sources */ = {isa = PBXBuildFile; fileRef = DA3404802A4AE2BE00C2A12B /* CircleView.swift */; };
		DA46888B2A52C417003A3A8C /* Grumpy_Dorian_BG.mp3 in Resources */ = {isa = PBXBuildFile; fileRef = DA46888A2A52C417003A3A8C /* Grumpy_Dorian_BG.mp3 */; };
		FA27BF432A5414C400713AE9 /* SpeechRecognizer.swift in Sources */ = {isa = PBXBuildFile; fileRef = FA27BF422A5414C400713AE9 /* SpeechRecognizer.swift */; };
		FA98FBFB2A4EBF1E0026664A /* Enchanted_Garden_Narator.mp3 in Resources */ = {isa = PBXBuildFile; fileRef = FA98FBFA2A4EBF1E0026664A /* Enchanted_Garden_Narator.mp3 */; };
		FA98FBFD2A4EBF290026664A /* Enchanted_Garden_BG.mp3 in Resources */ = {isa = PBXBuildFile; fileRef = FA98FBFC2A4EBF290026664A /* Enchanted_Garden_BG.mp3 */; };
		FA98FBFF2A4EBF310026664A /* Oceanic_Venture_Narator.mp3 in Resources */ = {isa = PBXBuildFile; fileRef = FA98FBFE2A4EBF310026664A /* Oceanic_Venture_Narator.mp3 */; };
		FA98FC012A4EBF370026664A /* Oceanic_Venture_BG.mp3 in Resources */ = {isa = PBXBuildFile; fileRef = FA98FC002A4EBF360026664A /* Oceanic_Venture_BG.mp3 */; };
		FA98FC032A4EBF3C0026664A /* Merchant_of_Hearts_Narator.mp3 in Resources */ = {isa = PBXBuildFile; fileRef = FA98FC022A4EBF3C0026664A /* Merchant_of_Hearts_Narator.mp3 */; };
		FA98FC052A4EBF400026664A /* Merchant_of_Hearts_BG.mp3 in Resources */ = {isa = PBXBuildFile; fileRef = FA98FC042A4EBF400026664A /* Merchant_of_Hearts_BG.mp3 */; };
		FA98FC072A4EBF490026664A /* Grumpy_Dorian_Narator.mp3 in Resources */ = {isa = PBXBuildFile; fileRef = FA98FC062A4EBF490026664A /* Grumpy_Dorian_Narator.mp3 */; };
		FAED6FA62A49919600318985 /* Library 2.swift in Sources */ = {isa = PBXBuildFile; fileRef = FAED6FA52A49919600318985 /* Library 2.swift */; };
/* End PBXBuildFile section */

/* Begin PBXFileReference section */
		650EBB9C2A496CDE00DA62E2 /* Dreamify.entitlements */ = {isa = PBXFileReference; lastKnownFileType = text.plist.entitlements; path = Dreamify.entitlements; sourceTree = "<group>"; };
		651153BD2A4C3B00004CA243 /* OnboardingView.swift */ = {isa = PBXFileReference; lastKnownFileType = sourcecode.swift; path = OnboardingView.swift; sourceTree = "<group>"; };
		65221EA22A42F007001BAFC8 /* Dreamify.app */ = {isa = PBXFileReference; explicitFileType = wrapper.application; includeInIndex = 0; path = Dreamify.app; sourceTree = BUILT_PRODUCTS_DIR; };
		65221EA52A42F007001BAFC8 /* DreamifyApp.swift */ = {isa = PBXFileReference; lastKnownFileType = sourcecode.swift; path = DreamifyApp.swift; sourceTree = "<group>"; };
		65221EA92A42F008001BAFC8 /* Assets.xcassets */ = {isa = PBXFileReference; lastKnownFileType = folder.assetcatalog; path = Assets.xcassets; sourceTree = "<group>"; };
		65221EAC2A42F008001BAFC8 /* Preview Assets.xcassets */ = {isa = PBXFileReference; lastKnownFileType = folder.assetcatalog; path = "Preview Assets.xcassets"; sourceTree = "<group>"; };
		DA3404782A4ADD2400C2A12B /* DetailView.swift */ = {isa = PBXFileReference; lastKnownFileType = sourcecode.swift; path = DetailView.swift; sourceTree = "<group>"; };
		DA34047A2A4AE22A00C2A12B /* OnboardingView1.swift */ = {isa = PBXFileReference; lastKnownFileType = sourcecode.swift; path = OnboardingView1.swift; sourceTree = "<group>"; };
		DA34047C2A4AE25100C2A12B /* OnboardingView2.swift */ = {isa = PBXFileReference; lastKnownFileType = sourcecode.swift; path = OnboardingView2.swift; sourceTree = "<group>"; };
		DA34047E2A4AE27500C2A12B /* OnboardingView3.swift */ = {isa = PBXFileReference; lastKnownFileType = sourcecode.swift; path = OnboardingView3.swift; sourceTree = "<group>"; };
		DA3404802A4AE2BE00C2A12B /* CircleView.swift */ = {isa = PBXFileReference; lastKnownFileType = sourcecode.swift; path = CircleView.swift; sourceTree = "<group>"; };
		DA46888A2A52C417003A3A8C /* Grumpy_Dorian_BG.mp3 */ = {isa = PBXFileReference; lastKnownFileType = audio.mp3; path = Grumpy_Dorian_BG.mp3; sourceTree = "<group>"; };
		DA4688922A542981003A3A8C /* Info.plist */ = {isa = PBXFileReference; lastKnownFileType = text.plist; path = Info.plist; sourceTree = "<group>"; };
		FA27BF422A5414C400713AE9 /* SpeechRecognizer.swift */ = {isa = PBXFileReference; lastKnownFileType = sourcecode.swift; path = SpeechRecognizer.swift; sourceTree = "<group>"; };
		FA98FBFA2A4EBF1E0026664A /* Enchanted_Garden_Narator.mp3 */ = {isa = PBXFileReference; lastKnownFileType = audio.mp3; name = Enchanted_Garden_Narator.mp3; path = ../../../../../Downloads/Enchanted_Garden_Narator.mp3; sourceTree = "<group>"; };
		FA98FBFC2A4EBF290026664A /* Enchanted_Garden_BG.mp3 */ = {isa = PBXFileReference; lastKnownFileType = audio.mp3; name = Enchanted_Garden_BG.mp3; path = ../../../../../Downloads/Enchanted_Garden_BG.mp3; sourceTree = "<group>"; };
		FA98FBFE2A4EBF310026664A /* Oceanic_Venture_Narator.mp3 */ = {isa = PBXFileReference; lastKnownFileType = audio.mp3; name = Oceanic_Venture_Narator.mp3; path = ../../../../../Downloads/Oceanic_Venture_Narator.mp3; sourceTree = "<group>"; };
		FA98FC002A4EBF360026664A /* Oceanic_Venture_BG.mp3 */ = {isa = PBXFileReference; lastKnownFileType = audio.mp3; name = Oceanic_Venture_BG.mp3; path = ../../../../../Downloads/Oceanic_Venture_BG.mp3; sourceTree = "<group>"; };
		FA98FC022A4EBF3C0026664A /* Merchant_of_Hearts_Narator.mp3 */ = {isa = PBXFileReference; lastKnownFileType = audio.mp3; name = Merchant_of_Hearts_Narator.mp3; path = ../../../../../Downloads/Merchant_of_Hearts_Narator.mp3; sourceTree = "<group>"; };
		FA98FC042A4EBF400026664A /* Merchant_of_Hearts_BG.mp3 */ = {isa = PBXFileReference; lastKnownFileType = audio.mp3; name = Merchant_of_Hearts_BG.mp3; path = ../../../../../Downloads/Merchant_of_Hearts_BG.mp3; sourceTree = "<group>"; };
		FA98FC062A4EBF490026664A /* Grumpy_Dorian_Narator.mp3 */ = {isa = PBXFileReference; lastKnownFileType = audio.mp3; name = Grumpy_Dorian_Narator.mp3; path = ../../../../../Downloads/Grumpy_Dorian_Narator.mp3; sourceTree = "<group>"; };
		FAED6FA52A49919600318985 /* Library 2.swift */ = {isa = PBXFileReference; lastKnownFileType = sourcecode.swift; path = "Library 2.swift"; sourceTree = "<group>"; };
/* End PBXFileReference section */

/* Begin PBXFrameworksBuildPhase section */
		65221E9F2A42F007001BAFC8 /* Frameworks */ = {
			isa = PBXFrameworksBuildPhase;
			buildActionMask = 2147483647;
			files = (
			);
			runOnlyForDeploymentPostprocessing = 0;
		};
/* End PBXFrameworksBuildPhase section */

/* Begin PBXGroup section */
		65221E992A42F007001BAFC8 = {
			isa = PBXGroup;
			children = (
				65221EA42A42F007001BAFC8 /* Dreamify */,
				65221EA32A42F007001BAFC8 /* Products */,
			);
			sourceTree = "<group>";
		};
		65221EA32A42F007001BAFC8 /* Products */ = {
			isa = PBXGroup;
			children = (
				65221EA22A42F007001BAFC8 /* Dreamify.app */,
			);
			name = Products;
			sourceTree = "<group>";
		};
		65221EA42A42F007001BAFC8 /* Dreamify */ = {
			isa = PBXGroup;
			children = (
				DA4688922A542981003A3A8C /* Info.plist */,
				DA3404882A4C1B8A00C2A12B /* Audio */,
				650EBB9C2A496CDE00DA62E2 /* Dreamify.entitlements */,
				6549E6EC2A443866000560DB /* Model */,
				65221EB32A42F0F6001BAFC8 /* View */,
				65221EA52A42F007001BAFC8 /* DreamifyApp.swift */,
				65221EA92A42F008001BAFC8 /* Assets.xcassets */,
				65221EAB2A42F008001BAFC8 /* Preview Content */,
			);
			path = Dreamify;
			sourceTree = "<group>";
		};
		65221EAB2A42F008001BAFC8 /* Preview Content */ = {
			isa = PBXGroup;
			children = (
				65221EAC2A42F008001BAFC8 /* Preview Assets.xcassets */,
			);
			path = "Preview Content";
			sourceTree = "<group>";
		};
		65221EB32A42F0F6001BAFC8 /* View */ = {
			isa = PBXGroup;
			children = (
				FAED6FA52A49919600318985 /* Library 2.swift */,
				DA3404782A4ADD2400C2A12B /* DetailView.swift */,
				FA27BF422A5414C400713AE9 /* SpeechRecognizer.swift */,
				DA34047A2A4AE22A00C2A12B /* OnboardingView1.swift */,
				DA34047C2A4AE25100C2A12B /* OnboardingView2.swift */,
				DA34047E2A4AE27500C2A12B /* OnboardingView3.swift */,
				DA3404802A4AE2BE00C2A12B /* CircleView.swift */,
				651153BD2A4C3B00004CA243 /* OnboardingView.swift */,
			);
			path = View;
			sourceTree = "<group>";
		};
		6549E6EC2A443866000560DB /* Model */ = {
			isa = PBXGroup;
			children = (
			);
			path = Model;
			sourceTree = "<group>";
		};
		DA3404882A4C1B8A00C2A12B /* Audio */ = {
			isa = PBXGroup;
			children = (
				DA46888A2A52C417003A3A8C /* Grumpy_Dorian_BG.mp3 */,
				FA98FBFA2A4EBF1E0026664A /* Enchanted_Garden_Narator.mp3 */,
				FA98FBFC2A4EBF290026664A /* Enchanted_Garden_BG.mp3 */,
				FA98FBFE2A4EBF310026664A /* Oceanic_Venture_Narator.mp3 */,
				FA98FC002A4EBF360026664A /* Oceanic_Venture_BG.mp3 */,
				FA98FC022A4EBF3C0026664A /* Merchant_of_Hearts_Narator.mp3 */,
				FA98FC042A4EBF400026664A /* Merchant_of_Hearts_BG.mp3 */,
				FA98FC062A4EBF490026664A /* Grumpy_Dorian_Narator.mp3 */,
			);
			path = Audio;
			sourceTree = "<group>";
		};
/* End PBXGroup section */

/* Begin PBXNativeTarget section */
		65221EA12A42F007001BAFC8 /* Dreamify */ = {
			isa = PBXNativeTarget;
			buildConfigurationList = 65221EB02A42F008001BAFC8 /* Build configuration list for PBXNativeTarget "Dreamify" */;
			buildPhases = (
				65221E9E2A42F007001BAFC8 /* Sources */,
				65221E9F2A42F007001BAFC8 /* Frameworks */,
				65221EA02A42F007001BAFC8 /* Resources */,
			);
			buildRules = (
			);
			dependencies = (
			);
			name = Dreamify;
			productName = Dreamify;
			productReference = 65221EA22A42F007001BAFC8 /* Dreamify.app */;
			productType = "com.apple.product-type.application";
		};
/* End PBXNativeTarget section */

/* Begin PBXProject section */
		65221E9A2A42F007001BAFC8 /* Project object */ = {
			isa = PBXProject;
			attributes = {
				BuildIndependentTargetsInParallel = 1;
				LastSwiftUpdateCheck = 1430;
				LastUpgradeCheck = 1430;
				TargetAttributes = {
					65221EA12A42F007001BAFC8 = {
						CreatedOnToolsVersion = 14.3.1;
					};
				};
			};
			buildConfigurationList = 65221E9D2A42F007001BAFC8 /* Build configuration list for PBXProject "Dreamify" */;
			compatibilityVersion = "Xcode 14.0";
			developmentRegion = en;
			hasScannedForEncodings = 0;
			knownRegions = (
				en,
				Base,
			);
			mainGroup = 65221E992A42F007001BAFC8;
			productRefGroup = 65221EA32A42F007001BAFC8 /* Products */;
			projectDirPath = "";
			projectRoot = "";
			targets = (
				65221EA12A42F007001BAFC8 /* Dreamify */,
			);
		};
/* End PBXProject section */

/* Begin PBXResourcesBuildPhase section */
		65221EA02A42F007001BAFC8 /* Resources */ = {
			isa = PBXResourcesBuildPhase;
			buildActionMask = 2147483647;
			files = (
				65221EAD2A42F008001BAFC8 /* Preview Assets.xcassets in Resources */,
				FA98FC032A4EBF3C0026664A /* Merchant_of_Hearts_Narator.mp3 in Resources */,
				DA46888B2A52C417003A3A8C /* Grumpy_Dorian_BG.mp3 in Resources */,
				FA98FBFD2A4EBF290026664A /* Enchanted_Garden_BG.mp3 in Resources */,
				FA98FBFF2A4EBF310026664A /* Oceanic_Venture_Narator.mp3 in Resources */,
				FA98FBFB2A4EBF1E0026664A /* Enchanted_Garden_Narator.mp3 in Resources */,
				FA98FC072A4EBF490026664A /* Grumpy_Dorian_Narator.mp3 in Resources */,
				FA98FC012A4EBF370026664A /* Oceanic_Venture_BG.mp3 in Resources */,
				65221EAA2A42F008001BAFC8 /* Assets.xcassets in Resources */,
				FA98FC052A4EBF400026664A /* Merchant_of_Hearts_BG.mp3 in Resources */,
			);
			runOnlyForDeploymentPostprocessing = 0;
		};
/* End PBXResourcesBuildPhase section */

/* Begin PBXSourcesBuildPhase section */
		65221E9E2A42F007001BAFC8 /* Sources */ = {
			isa = PBXSourcesBuildPhase;
			buildActionMask = 2147483647;
			files = (
				DA3404812A4AE2BE00C2A12B /* CircleView.swift in Sources */,
				DA34047F2A4AE27500C2A12B /* OnboardingView3.swift in Sources */,
				651153BE2A4C3B00004CA243 /* OnboardingView.swift in Sources */,
				DA3404792A4ADD2400C2A12B /* DetailView.swift in Sources */,
				FAED6FA62A49919600318985 /* Library 2.swift in Sources */,
				FA27BF432A5414C400713AE9 /* SpeechRecognizer.swift in Sources */,
				65221EA62A42F007001BAFC8 /* DreamifyApp.swift in Sources */,
				DA34047D2A4AE25100C2A12B /* OnboardingView2.swift in Sources */,
				DA34047B2A4AE22A00C2A12B /* OnboardingView1.swift in Sources */,
			);
			runOnlyForDeploymentPostprocessing = 0;
		};
/* End PBXSourcesBuildPhase section */

/* Begin XCBuildConfiguration section */
		65221EAE2A42F008001BAFC8 /* Debug */ = {
			isa = XCBuildConfiguration;
			buildSettings = {
				ALWAYS_SEARCH_USER_PATHS = NO;
				CLANG_ANALYZER_NONNULL = YES;
				CLANG_ANALYZER_NUMBER_OBJECT_CONVERSION = YES_AGGRESSIVE;
				CLANG_CXX_LANGUAGE_STANDARD = "gnu++20";
				CLANG_ENABLE_MODULES = YES;
				CLANG_ENABLE_OBJC_ARC = YES;
				CLANG_ENABLE_OBJC_WEAK = YES;
				CLANG_WARN_BLOCK_CAPTURE_AUTORELEASING = YES;
				CLANG_WARN_BOOL_CONVERSION = YES;
				CLANG_WARN_COMMA = YES;
				CLANG_WARN_CONSTANT_CONVERSION = YES;
				CLANG_WARN_DEPRECATED_OBJC_IMPLEMENTATIONS = YES;
				CLANG_WARN_DIRECT_OBJC_ISA_USAGE = YES_ERROR;
				CLANG_WARN_DOCUMENTATION_COMMENTS = YES;
				CLANG_WARN_EMPTY_BODY = YES;
				CLANG_WARN_ENUM_CONVERSION = YES;
				CLANG_WARN_INFINITE_RECURSION = YES;
				CLANG_WARN_INT_CONVERSION = YES;
				CLANG_WARN_NON_LITERAL_NULL_CONVERSION = YES;
				CLANG_WARN_OBJC_IMPLICIT_RETAIN_SELF = YES;
				CLANG_WARN_OBJC_LITERAL_CONVERSION = YES;
				CLANG_WARN_OBJC_ROOT_CLASS = YES_ERROR;
				CLANG_WARN_QUOTED_INCLUDE_IN_FRAMEWORK_HEADER = YES;
				CLANG_WARN_RANGE_LOOP_ANALYSIS = YES;
				CLANG_WARN_STRICT_PROTOTYPES = YES;
				CLANG_WARN_SUSPICIOUS_MOVE = YES;
				CLANG_WARN_UNGUARDED_AVAILABILITY = YES_AGGRESSIVE;
				CLANG_WARN_UNREACHABLE_CODE = YES;
				CLANG_WARN__DUPLICATE_METHOD_MATCH = YES;
				COPY_PHASE_STRIP = NO;
				DEBUG_INFORMATION_FORMAT = dwarf;
				ENABLE_STRICT_OBJC_MSGSEND = YES;
				ENABLE_TESTABILITY = YES;
				GCC_C_LANGUAGE_STANDARD = gnu11;
				GCC_DYNAMIC_NO_PIC = NO;
				GCC_NO_COMMON_BLOCKS = YES;
				GCC_OPTIMIZATION_LEVEL = 0;
				GCC_PREPROCESSOR_DEFINITIONS = (
					"DEBUG=1",
					"$(inherited)",
				);
				GCC_WARN_64_TO_32_BIT_CONVERSION = YES;
				GCC_WARN_ABOUT_RETURN_TYPE = YES_ERROR;
				GCC_WARN_UNDECLARED_SELECTOR = YES;
				GCC_WARN_UNINITIALIZED_AUTOS = YES_AGGRESSIVE;
				GCC_WARN_UNUSED_FUNCTION = YES;
				GCC_WARN_UNUSED_VARIABLE = YES;
				IPHONEOS_DEPLOYMENT_TARGET = 16.4;
				MTL_ENABLE_DEBUG_INFO = INCLUDE_SOURCE;
				MTL_FAST_MATH = YES;
				ONLY_ACTIVE_ARCH = YES;
				SDKROOT = iphoneos;
				SWIFT_ACTIVE_COMPILATION_CONDITIONS = DEBUG;
				SWIFT_OPTIMIZATION_LEVEL = "-Onone";
			};
			name = Debug;
		};
		65221EAF2A42F008001BAFC8 /* Release */ = {
			isa = XCBuildConfiguration;
			buildSettings = {
				ALWAYS_SEARCH_USER_PATHS = NO;
				CLANG_ANALYZER_NONNULL = YES;
				CLANG_ANALYZER_NUMBER_OBJECT_CONVERSION = YES_AGGRESSIVE;
				CLANG_CXX_LANGUAGE_STANDARD = "gnu++20";
				CLANG_ENABLE_MODULES = YES;
				CLANG_ENABLE_OBJC_ARC = YES;
				CLANG_ENABLE_OBJC_WEAK = YES;
				CLANG_WARN_BLOCK_CAPTURE_AUTORELEASING = YES;
				CLANG_WARN_BOOL_CONVERSION = YES;
				CLANG_WARN_COMMA = YES;
				CLANG_WARN_CONSTANT_CONVERSION = YES;
				CLANG_WARN_DEPRECATED_OBJC_IMPLEMENTATIONS = YES;
				CLANG_WARN_DIRECT_OBJC_ISA_USAGE = YES_ERROR;
				CLANG_WARN_DOCUMENTATION_COMMENTS = YES;
				CLANG_WARN_EMPTY_BODY = YES;
				CLANG_WARN_ENUM_CONVERSION = YES;
				CLANG_WARN_INFINITE_RECURSION = YES;
				CLANG_WARN_INT_CONVERSION = YES;
				CLANG_WARN_NON_LITERAL_NULL_CONVERSION = YES;
				CLANG_WARN_OBJC_IMPLICIT_RETAIN_SELF = YES;
				CLANG_WARN_OBJC_LITERAL_CONVERSION = YES;
				CLANG_WARN_OBJC_ROOT_CLASS = YES_ERROR;
				CLANG_WARN_QUOTED_INCLUDE_IN_FRAMEWORK_HEADER = YES;
				CLANG_WARN_RANGE_LOOP_ANALYSIS = YES;
				CLANG_WARN_STRICT_PROTOTYPES = YES;
				CLANG_WARN_SUSPICIOUS_MOVE = YES;
				CLANG_WARN_UNGUARDED_AVAILABILITY = YES_AGGRESSIVE;
				CLANG_WARN_UNREACHABLE_CODE = YES;
				CLANG_WARN__DUPLICATE_METHOD_MATCH = YES;
				COPY_PHASE_STRIP = NO;
				DEBUG_INFORMATION_FORMAT = "dwarf-with-dsym";
				ENABLE_NS_ASSERTIONS = NO;
				ENABLE_STRICT_OBJC_MSGSEND = YES;
				GCC_C_LANGUAGE_STANDARD = gnu11;
				GCC_NO_COMMON_BLOCKS = YES;
				GCC_WARN_64_TO_32_BIT_CONVERSION = YES;
				GCC_WARN_ABOUT_RETURN_TYPE = YES_ERROR;
				GCC_WARN_UNDECLARED_SELECTOR = YES;
				GCC_WARN_UNINITIALIZED_AUTOS = YES_AGGRESSIVE;
				GCC_WARN_UNUSED_FUNCTION = YES;
				GCC_WARN_UNUSED_VARIABLE = YES;
				IPHONEOS_DEPLOYMENT_TARGET = 16.4;
				MTL_ENABLE_DEBUG_INFO = NO;
				MTL_FAST_MATH = YES;
				SDKROOT = iphoneos;
				SWIFT_COMPILATION_MODE = wholemodule;
				SWIFT_OPTIMIZATION_LEVEL = "-O";
				VALIDATE_PRODUCT = YES;
			};
			name = Release;
		};
		65221EB12A42F008001BAFC8 /* Debug */ = {
			isa = XCBuildConfiguration;
			buildSettings = {
				ASSETCATALOG_COMPILER_APPICON_NAME = AppIcon;
				ASSETCATALOG_COMPILER_GLOBAL_ACCENT_COLOR_NAME = AccentColor;
				CODE_SIGN_ENTITLEMENTS = Dreamify/Dreamify.entitlements;
				CODE_SIGN_STYLE = Automatic;
				CURRENT_PROJECT_VERSION = 1;
				DEVELOPMENT_ASSET_PATHS = "\"Dreamify/Preview Content\"";
				DEVELOPMENT_TEAM = X7UR8BGM9R;
				ENABLE_PREVIEWS = YES;
				GENERATE_INFOPLIST_FILE = YES;
				INFOPLIST_FILE = Dreamify/Info.plist;
				INFOPLIST_KEY_NSMicrophoneUsageDescription = "We need this again please";
				INFOPLIST_KEY_NSSpeechRecognitionUsageDescription = "We need this to sleep";
				INFOPLIST_KEY_UIApplicationSceneManifest_Generation = YES;
				INFOPLIST_KEY_UIApplicationSupportsIndirectInputEvents = YES;
				INFOPLIST_KEY_UILaunchScreen_Generation = YES;
				INFOPLIST_KEY_UISupportedInterfaceOrientations_iPad = "UIInterfaceOrientationPortrait UIInterfaceOrientationPortraitUpsideDown UIInterfaceOrientationLandscapeLeft UIInterfaceOrientationLandscapeRight";
				INFOPLIST_KEY_UISupportedInterfaceOrientations_iPhone = "UIInterfaceOrientationPortrait UIInterfaceOrientationLandscapeLeft UIInterfaceOrientationLandscapeRight";
				LD_RUNPATH_SEARCH_PATHS = (
					"$(inherited)",
					"@executable_path/Frameworks",
				);
				MARKETING_VERSION = 1.0;
				PRODUCT_BUNDLE_IDENTIFIER = com.adamc2.Dreamify;
				PRODUCT_NAME = "$(TARGET_NAME)";
				SWIFT_EMIT_LOC_STRINGS = YES;
				SWIFT_VERSION = 5.0;
				TARGETED_DEVICE_FAMILY = "1,2";
			};
			name = Debug;
		};
		65221EB22A42F008001BAFC8 /* Release */ = {
			isa = XCBuildConfiguration;
			buildSettings = {
				ASSETCATALOG_COMPILER_APPICON_NAME = AppIcon;
				ASSETCATALOG_COMPILER_GLOBAL_ACCENT_COLOR_NAME = AccentColor;
				CODE_SIGN_ENTITLEMENTS = Dreamify/Dreamify.entitlements;
				CODE_SIGN_STYLE = Automatic;
				CURRENT_PROJECT_VERSION = 1;
				DEVELOPMENT_ASSET_PATHS = "\"Dreamify/Preview Content\"";
				DEVELOPMENT_TEAM = X7UR8BGM9R;
				ENABLE_PREVIEWS = YES;
				GENERATE_INFOPLIST_FILE = YES;
				INFOPLIST_FILE = Dreamify/Info.plist;
				INFOPLIST_KEY_NSMicrophoneUsageDescription = "We need this again please";
				INFOPLIST_KEY_NSSpeechRecognitionUsageDescription = "We need this to sleep";
				INFOPLIST_KEY_UIApplicationSceneManifest_Generation = YES;
				INFOPLIST_KEY_UIApplicationSupportsIndirectInputEvents = YES;
				INFOPLIST_KEY_UILaunchScreen_Generation = YES;
				INFOPLIST_KEY_UISupportedInterfaceOrientations_iPad = "UIInterfaceOrientationPortrait UIInterfaceOrientationPortraitUpsideDown UIInterfaceOrientationLandscapeLeft UIInterfaceOrientationLandscapeRight";
				INFOPLIST_KEY_UISupportedInterfaceOrientations_iPhone = "UIInterfaceOrientationPortrait UIInterfaceOrientationLandscapeLeft UIInterfaceOrientationLandscapeRight";
				LD_RUNPATH_SEARCH_PATHS = (
					"$(inherited)",
					"@executable_path/Frameworks",
				);
				MARKETING_VERSION = 1.0;
				PRODUCT_BUNDLE_IDENTIFIER = com.adamc2.Dreamify;
				PRODUCT_NAME = "$(TARGET_NAME)";
				SWIFT_EMIT_LOC_STRINGS = YES;
				SWIFT_VERSION = 5.0;
				TARGETED_DEVICE_FAMILY = "1,2";
			};
			name = Release;
		};
/* End XCBuildConfiguration section */

/* Begin XCConfigurationList section */
		65221E9D2A42F007001BAFC8 /* Build configuration list for PBXProject "Dreamify" */ = {
			isa = XCConfigurationList;
			buildConfigurations = (
				65221EAE2A42F008001BAFC8 /* Debug */,
				65221EAF2A42F008001BAFC8 /* Release */,
			);
			defaultConfigurationIsVisible = 0;
			defaultConfigurationName = Release;
		};
		65221EB02A42F008001BAFC8 /* Build configuration list for PBXNativeTarget "Dreamify" */ = {
			isa = XCConfigurationList;
			buildConfigurations = (
				65221EB12A42F008001BAFC8 /* Debug */,
				65221EB22A42F008001BAFC8 /* Release */,
			);
			defaultConfigurationIsVisible = 0;
			defaultConfigurationName = Release;
		};
/* End XCConfigurationList section */
	};
	rootObject = 65221E9A2A42F007001BAFC8 /* Project object */;
}
